
Microsoft Visual Studio Solution File, Format Version 12.00
# Visual Studio Version 16
VisualStudioVersion = 16.0.31702.278
MinimumVisualStudioVersion = 10.0.40219.1
Project("{FAE04EC0-301F-11D3-BF4B-00C04F79EFBC}") = "OperaWebSite", "OperaWebSite\OperaWebSite.csproj", "{843877D9-F5CA-4969-8190-168183A40FA5}"
EndProject
Global
	GlobalSection(SolutionConfigurationPlatforms) = preSolution
		Debug|Any CPU = Debug|Any CPU
		Release|Any CPU = Release|Any CPU
	EndGlobalSection
	GlobalSection(ProjectConfigurationPlatforms) = postSolution
		{843877D9-F5CA-4969-8190-168183A40FA5}.Debug|Any CPU.ActiveCfg = Debug|Any CPU
		{843877D9-F5CA-4969-8190-168183A40FA5}.Debug|Any CPU.Build.0 = Debug|Any CPU
		{843877D9-F5CA-4969-8190-168183A40FA5}.Release|Any CPU.ActiveCfg = Release|Any CPU
		{843877D9-F5CA-4969-8190-168183A40FA5}.Release|Any CPU.Build.0 = Release|Any CPU
	EndGlobalSection
	GlobalSection(SolutionProperties) = preSolution
		HideSolutionNode = FALSE
	EndGlobalSection
	GlobalSection(ExtensibilityGlobals) = postSolution
		SolutionGuid = {0E0E2F9F-7E61-4FFA-8688-AD579F03EDE3}
	EndGlobalSection
EndGlobal
